
Microsoft Visual Studio Solution File, Format Version 12.00
# Visual Studio Version 17
VisualStudioVersion = 17.1.32203.90
MinimumVisualStudioVersion = 10.0.40219.1
Project("{9A19103F-16F7-4668-BE54-9A1E7A4F7556}") = "Demo.IdentityServer", "TestIdentityServer\Demo.IdentityServer.csproj", "{3228C4DC-6C42-46CE-9BC2-7996E9478640}"
EndProject
Project("{FAE04EC0-301F-11D3-BF4B-00C04F79EFBC}") = "Demo.Api", "Demo.Api\Demo.Api.csproj", "{9F76B614-9F03-4443-8058-F02C291AE22E}"
EndProject
Project("{FAE04EC0-301F-11D3-BF4B-00C04F79EFBC}") = "Demo.Client", "Demo.Client\Demo.Client.csproj", "{E5215B0D-6467-489E-A623-00A892F2B967}"
EndProject
Global
	GlobalSection(SolutionConfigurationPlatforms) = preSolution
		Debug|Any CPU = Debug|Any CPU
		Release|Any CPU = Release|Any CPU
	EndGlobalSection
	GlobalSection(ProjectConfigurationPlatforms) = postSolution
		{3228C4DC-6C42-46CE-9BC2-7996E9478640}.Debug|Any CPU.ActiveCfg = Debug|Any CPU
		{3228C4DC-6C42-46CE-9BC2-7996E9478640}.Debug|Any CPU.Build.0 = Debug|Any CPU
		{3228C4DC-6C42-46CE-9BC2-7996E9478640}.Release|Any CPU.ActiveCfg = Release|Any CPU
		{3228C4DC-6C42-46CE-9BC2-7996E9478640}.Release|Any CPU.Build.0 = Release|Any CPU
		{9F76B614-9F03-4443-8058-F02C291AE22E}.Debug|Any CPU.ActiveCfg = Debug|Any CPU
		{9F76B614-9F03-4443-8058-F02C291AE22E}.Debug|Any CPU.Build.0 = Debug|Any CPU
		{9F76B614-9F03-4443-8058-F02C291AE22E}.Release|Any CPU.ActiveCfg = Release|Any CPU
		{9F76B614-9F03-4443-8058-F02C291AE22E}.Release|Any CPU.Build.0 = Release|Any CPU
		{E5215B0D-6467-489E-A623-00A892F2B967}.Debug|Any CPU.ActiveCfg = Debug|Any CPU
		{E5215B0D-6467-489E-A623-00A892F2B967}.Debug|Any CPU.Build.0 = Debug|Any CPU
		{E5215B0D-6467-489E-A623-00A892F2B967}.Release|Any CPU.ActiveCfg = Release|Any CPU
		{E5215B0D-6467-489E-A623-00A892F2B967}.Release|Any CPU.Build.0 = Release|Any CPU
	EndGlobalSection
	GlobalSection(SolutionProperties) = preSolution
		HideSolutionNode = FALSE
	EndGlobalSection
	GlobalSection(ExtensibilityGlobals) = postSolution
		SolutionGuid = {5893A9AB-0B55-4471-8E47-314113E6B31A}
	EndGlobalSection
EndGlobal
